// !$*UTF8*$!
{
	archiveVersion = 1;
	classes = {
	};
	objectVersion = 48;
	objects = {

/* Begin PBXBuildFile section */
		078FCE034F9B7A017705DFA4 /* Pods_Meeraki.framework in Frameworks */ = {isa = PBXBuildFile; fileRef = CF5A876F7A829563C0E4330F /* Pods_Meeraki.framework */; };
		A95F8C862078DD2C0087E4EF /* HomeViewController.swift in Sources */ = {isa = PBXBuildFile; fileRef = A95F8C772078DD2C0087E4EF /* HomeViewController.swift */; };
		A95F8C872078DD2C0087E4EF /* ViewController.swift in Sources */ = {isa = PBXBuildFile; fileRef = A95F8C792078DD2C0087E4EF /* ViewController.swift */; };
		A95F8C882078DD2C0087E4EF /* OTPViewController.swift in Sources */ = {isa = PBXBuildFile; fileRef = A95F8C7A2078DD2C0087E4EF /* OTPViewController.swift */; };
		A95F8C892078DD2C0087E4EF /* LetsBeginViewController.swift in Sources */ = {isa = PBXBuildFile; fileRef = A95F8C7B2078DD2C0087E4EF /* LetsBeginViewController.swift */; };
		A95F8C8A2078DD2C0087E4EF /* RegistrationViewController.swift in Sources */ = {isa = PBXBuildFile; fileRef = A95F8C7C2078DD2C0087E4EF /* RegistrationViewController.swift */; };
		A95F8C8B2078DD2C0087E4EF /* ProductInfoViewController.swift in Sources */ = {isa = PBXBuildFile; fileRef = A95F8C7E2078DD2C0087E4EF /* ProductInfoViewController.swift */; };
		A95F8C8C2078DD2C0087E4EF /* GoogleMapViewController.swift in Sources */ = {isa = PBXBuildFile; fileRef = A95F8C7F2078DD2C0087E4EF /* GoogleMapViewController.swift */; };
		A95F8C8D2078DD2C0087E4EF /* WebViewController.swift in Sources */ = {isa = PBXBuildFile; fileRef = A95F8C812078DD2C0087E4EF /* WebViewController.swift */; };
		A95F8C8E2078DD2C0087E4EF /* AddProductViewController.swift in Sources */ = {isa = PBXBuildFile; fileRef = A95F8C832078DD2C0087E4EF /* AddProductViewController.swift */; };
		A95F8C8F2078DD2C0087E4EF /* LoginViewController.swift in Sources */ = {isa = PBXBuildFile; fileRef = A95F8C852078DD2C0087E4EF /* LoginViewController.swift */; };
		A95F8C9E2078DED90087E4EF /* MarkerTracker.swift in Sources */ = {isa = PBXBuildFile; fileRef = A95F8C972078DED90087E4EF /* MarkerTracker.swift */; };
		A95F8C9F2078DED90087E4EF /* MarkerTracker.xib in Resources */ = {isa = PBXBuildFile; fileRef = A95F8C982078DED90087E4EF /* MarkerTracker.xib */; };
		A95F8CAC2078DF3A0087E4EF /* PinterestLayout.swift in Sources */ = {isa = PBXBuildFile; fileRef = A95F8CA42078DF3A0087E4EF /* PinterestLayout.swift */; };
		A95F8CAD2078DF3A0087E4EF /* AnnotatedPhotoCell.swift in Sources */ = {isa = PBXBuildFile; fileRef = A95F8CA52078DF3A0087E4EF /* AnnotatedPhotoCell.swift */; };
		A95F8CAE2078DF3A0087E4EF /* Photo.swift in Sources */ = {isa = PBXBuildFile; fileRef = A95F8CA62078DF3A0087E4EF /* Photo.swift */; };
		A95F8CAF2078DF3A0087E4EF /* Photos.plist in Resources */ = {isa = PBXBuildFile; fileRef = A95F8CA72078DF3A0087E4EF /* Photos.plist */; };
		A95F8CB02078DF3A0087E4EF /* UIImage+Decompression.swift in Sources */ = {isa = PBXBuildFile; fileRef = A95F8CA82078DF3A0087E4EF /* UIImage+Decompression.swift */; };
		A95F8CB12078DF3A0087E4EF /* Singleton.swift in Sources */ = {isa = PBXBuildFile; fileRef = A95F8CAA2078DF3A0087E4EF /* Singleton.swift */; };
		A95F8CB22078DF3A0087E4EF /* GlobalVariables.swift in Sources */ = {isa = PBXBuildFile; fileRef = A95F8CAB2078DF3A0087E4EF /* GlobalVariables.swift */; };
		A95F8CBC2078DF580087E4EF /* Assets.xcassets in Resources */ = {isa = PBXBuildFile; fileRef = A95F8CB52078DF580087E4EF /* Assets.xcassets */; };
		A95F8CBD2078DF580087E4EF /* Photos.xcassets in Resources */ = {isa = PBXBuildFile; fileRef = A95F8CB62078DF580087E4EF /* Photos.xcassets */; };
		A95F8CBE2078DF580087E4EF /* ClanPro-Book.otf in Resources */ = {isa = PBXBuildFile; fileRef = A95F8CB82078DF580087E4EF /* ClanPro-Book.otf */; };
		A95F8CBF2078DF580087E4EF /* ClanPro-Bold.otf in Resources */ = {isa = PBXBuildFile; fileRef = A95F8CB92078DF580087E4EF /* ClanPro-Bold.otf */; };
		A95F8CC02078DF580087E4EF /* ClanPro-News.otf in Resources */ = {isa = PBXBuildFile; fileRef = A95F8CBA2078DF580087E4EF /* ClanPro-News.otf */; };
		A95F8CC12078DF580087E4EF /* ClanPro-Thin.ttf in Resources */ = {isa = PBXBuildFile; fileRef = A95F8CBB2078DF580087E4EF /* ClanPro-Thin.ttf */; };
		A95F8CC62078DFD60087E4EF /* HoshiTextField.swift in Sources */ = {isa = PBXBuildFile; fileRef = A95F8CC32078DFD60087E4EF /* HoshiTextField.swift */; };
		A95F8CC72078DFD60087E4EF /* TextFieldEffects.swift in Sources */ = {isa = PBXBuildFile; fileRef = A95F8CC42078DFD60087E4EF /* TextFieldEffects.swift */; };
		A95F8CC82078DFD60087E4EF /* RoundButton.swift in Sources */ = {isa = PBXBuildFile; fileRef = A95F8CC52078DFD60087E4EF /* RoundButton.swift */; };
		A95F8CCB2078E0AC0087E4EF /* GradientView.swift in Sources */ = {isa = PBXBuildFile; fileRef = A95F8CC92078E0AC0087E4EF /* GradientView.swift */; };
		A95F8CCC2078E0AC0087E4EF /* RoundedCornersView.swift in Sources */ = {isa = PBXBuildFile; fileRef = A95F8CCA2078E0AC0087E4EF /* RoundedCornersView.swift */; };
		AECD6EB0206A1F0F00EFC1A3 /* AppDelegate.swift in Sources */ = {isa = PBXBuildFile; fileRef = AECD6EAF206A1F0F00EFC1A3 /* AppDelegate.swift */; };
		AECD6EB5206A1F0F00EFC1A3 /* Main.storyboard in Resources */ = {isa = PBXBuildFile; fileRef = AECD6EB3206A1F0F00EFC1A3 /* Main.storyboard */; };
		AECD6EBA206A1F0F00EFC1A3 /* LaunchScreen.storyboard in Resources */ = {isa = PBXBuildFile; fileRef = AECD6EB8206A1F0F00EFC1A3 /* LaunchScreen.storyboard */; };
/* End PBXBuildFile section */

/* Begin PBXFileReference section */
		32C1AE86CD097B70AFC813DA /* Pods-Meeraki.release.xcconfig */ = {isa = PBXFileReference; includeInIndex = 1; lastKnownFileType = text.xcconfig; name = "Pods-Meeraki.release.xcconfig"; path = "Pods/Target Support Files/Pods-Meeraki/Pods-Meeraki.release.xcconfig"; sourceTree = "<group>"; };
		50F0609D75279E236D37FF6E /* Pods-Meeraki.debug.xcconfig */ = {isa = PBXFileReference; includeInIndex = 1; lastKnownFileType = text.xcconfig; name = "Pods-Meeraki.debug.xcconfig"; path = "Pods/Target Support Files/Pods-Meeraki/Pods-Meeraki.debug.xcconfig"; sourceTree = "<group>"; };
		A95F8C772078DD2C0087E4EF /* HomeViewController.swift */ = {isa = PBXFileReference; fileEncoding = 4; lastKnownFileType = sourcecode.swift; path = HomeViewController.swift; sourceTree = "<group>"; };
		A95F8C792078DD2C0087E4EF /* ViewController.swift */ = {isa = PBXFileReference; fileEncoding = 4; lastKnownFileType = sourcecode.swift; path = ViewController.swift; sourceTree = "<group>"; };
		A95F8C7A2078DD2C0087E4EF /* OTPViewController.swift */ = {isa = PBXFileReference; fileEncoding = 4; lastKnownFileType = sourcecode.swift; path = OTPViewController.swift; sourceTree = "<group>"; };
		A95F8C7B2078DD2C0087E4EF /* LetsBeginViewController.swift */ = {isa = PBXFileReference; fileEncoding = 4; lastKnownFileType = sourcecode.swift; path = LetsBeginViewController.swift; sourceTree = "<group>"; };
		A95F8C7C2078DD2C0087E4EF /* RegistrationViewController.swift */ = {isa = PBXFileReference; fileEncoding = 4; lastKnownFileType = sourcecode.swift; path = RegistrationViewController.swift; sourceTree = "<group>"; };
		A95F8C7E2078DD2C0087E4EF /* ProductInfoViewController.swift */ = {isa = PBXFileReference; fileEncoding = 4; lastKnownFileType = sourcecode.swift; path = ProductInfoViewController.swift; sourceTree = "<group>"; };
		A95F8C7F2078DD2C0087E4EF /* GoogleMapViewController.swift */ = {isa = PBXFileReference; fileEncoding = 4; lastKnownFileType = sourcecode.swift; path = GoogleMapViewController.swift; sourceTree = "<group>"; };
		A95F8C812078DD2C0087E4EF /* WebViewController.swift */ = {isa = PBXFileReference; fileEncoding = 4; lastKnownFileType = sourcecode.swift; path = WebViewController.swift; sourceTree = "<group>"; };
		A95F8C832078DD2C0087E4EF /* AddProductViewController.swift */ = {isa = PBXFileReference; fileEncoding = 4; lastKnownFileType = sourcecode.swift; path = AddProductViewController.swift; sourceTree = "<group>"; };
		A95F8C852078DD2C0087E4EF /* LoginViewController.swift */ = {isa = PBXFileReference; fileEncoding = 4; lastKnownFileType = sourcecode.swift; path = LoginViewController.swift; sourceTree = "<group>"; };
		A95F8C972078DED90087E4EF /* MarkerTracker.swift */ = {isa = PBXFileReference; fileEncoding = 4; lastKnownFileType = sourcecode.swift; path = MarkerTracker.swift; sourceTree = "<group>"; };
		A95F8C982078DED90087E4EF /* MarkerTracker.xib */ = {isa = PBXFileReference; fileEncoding = 4; lastKnownFileType = file.xib; path = MarkerTracker.xib; sourceTree = "<group>"; };
		A95F8CA42078DF3A0087E4EF /* PinterestLayout.swift */ = {isa = PBXFileReference; fileEncoding = 4; lastKnownFileType = sourcecode.swift; path = PinterestLayout.swift; sourceTree = "<group>"; };
		A95F8CA52078DF3A0087E4EF /* AnnotatedPhotoCell.swift */ = {isa = PBXFileReference; fileEncoding = 4; lastKnownFileType = sourcecode.swift; path = AnnotatedPhotoCell.swift; sourceTree = "<group>"; };
		A95F8CA62078DF3A0087E4EF /* Photo.swift */ = {isa = PBXFileReference; fileEncoding = 4; lastKnownFileType = sourcecode.swift; path = Photo.swift; sourceTree = "<group>"; };
		A95F8CA72078DF3A0087E4EF /* Photos.plist */ = {isa = PBXFileReference; fileEncoding = 4; lastKnownFileType = text.plist.xml; path = Photos.plist; sourceTree = "<group>"; };
		A95F8CA82078DF3A0087E4EF /* UIImage+Decompression.swift */ = {isa = PBXFileReference; fileEncoding = 4; lastKnownFileType = sourcecode.swift; path = "UIImage+Decompression.swift"; sourceTree = "<group>"; };
		A95F8CAA2078DF3A0087E4EF /* Singleton.swift */ = {isa = PBXFileReference; fileEncoding = 4; lastKnownFileType = sourcecode.swift; path = Singleton.swift; sourceTree = "<group>"; };
		A95F8CAB2078DF3A0087E4EF /* GlobalVariables.swift */ = {isa = PBXFileReference; fileEncoding = 4; lastKnownFileType = sourcecode.swift; path = GlobalVariables.swift; sourceTree = "<group>"; };
		A95F8CB52078DF580087E4EF /* Assets.xcassets */ = {isa = PBXFileReference; lastKnownFileType = folder.assetcatalog; path = Assets.xcassets; sourceTree = "<group>"; };
		A95F8CB62078DF580087E4EF /* Photos.xcassets */ = {isa = PBXFileReference; lastKnownFileType = folder.assetcatalog; path = Photos.xcassets; sourceTree = "<group>"; };
		A95F8CB82078DF580087E4EF /* ClanPro-Book.otf */ = {isa = PBXFileReference; lastKnownFileType = file; path = "ClanPro-Book.otf"; sourceTree = "<group>"; };
		A95F8CB92078DF580087E4EF /* ClanPro-Bold.otf */ = {isa = PBXFileReference; lastKnownFileType = file; path = "ClanPro-Bold.otf"; sourceTree = "<group>"; };
		A95F8CBA2078DF580087E4EF /* ClanPro-News.otf */ = {isa = PBXFileReference; lastKnownFileType = file; path = "ClanPro-News.otf"; sourceTree = "<group>"; };
		A95F8CBB2078DF580087E4EF /* ClanPro-Thin.ttf */ = {isa = PBXFileReference; lastKnownFileType = file; path = "ClanPro-Thin.ttf"; sourceTree = "<group>"; };
		A95F8CC32078DFD60087E4EF /* HoshiTextField.swift */ = {isa = PBXFileReference; fileEncoding = 4; lastKnownFileType = sourcecode.swift; path = HoshiTextField.swift; sourceTree = "<group>"; };
		A95F8CC42078DFD60087E4EF /* TextFieldEffects.swift */ = {isa = PBXFileReference; fileEncoding = 4; lastKnownFileType = sourcecode.swift; path = TextFieldEffects.swift; sourceTree = "<group>"; };
		A95F8CC52078DFD60087E4EF /* RoundButton.swift */ = {isa = PBXFileReference; fileEncoding = 4; lastKnownFileType = sourcecode.swift; path = RoundButton.swift; sourceTree = "<group>"; };
		A95F8CC92078E0AC0087E4EF /* GradientView.swift */ = {isa = PBXFileReference; fileEncoding = 4; lastKnownFileType = sourcecode.swift; path = GradientView.swift; sourceTree = "<group>"; };
		A95F8CCA2078E0AC0087E4EF /* RoundedCornersView.swift */ = {isa = PBXFileReference; fileEncoding = 4; lastKnownFileType = sourcecode.swift; path = RoundedCornersView.swift; sourceTree = "<group>"; };
		AECD6EAC206A1F0F00EFC1A3 /* Meeraki.app */ = {isa = PBXFileReference; explicitFileType = wrapper.application; includeInIndex = 0; path = Meeraki.app; sourceTree = BUILT_PRODUCTS_DIR; };
		AECD6EAF206A1F0F00EFC1A3 /* AppDelegate.swift */ = {isa = PBXFileReference; lastKnownFileType = sourcecode.swift; path = AppDelegate.swift; sourceTree = "<group>"; };
		AECD6EB4206A1F0F00EFC1A3 /* Base */ = {isa = PBXFileReference; lastKnownFileType = file.storyboard; name = Base; path = Base.lproj/Main.storyboard; sourceTree = "<group>"; };
		AECD6EB9206A1F0F00EFC1A3 /* Base */ = {isa = PBXFileReference; lastKnownFileType = file.storyboard; name = Base; path = Base.lproj/LaunchScreen.storyboard; sourceTree = "<group>"; };
		AECD6EBB206A1F0F00EFC1A3 /* Info.plist */ = {isa = PBXFileReference; lastKnownFileType = text.plist.xml; path = Info.plist; sourceTree = "<group>"; };
		CF5A876F7A829563C0E4330F /* Pods_Meeraki.framework */ = {isa = PBXFileReference; explicitFileType = wrapper.framework; includeInIndex = 0; path = Pods_Meeraki.framework; sourceTree = BUILT_PRODUCTS_DIR; };
/* End PBXFileReference section */

/* Begin PBXFrameworksBuildPhase section */
		AECD6EA9206A1F0F00EFC1A3 /* Frameworks */ = {
			isa = PBXFrameworksBuildPhase;
			buildActionMask = 2147483647;
			files = (
				078FCE034F9B7A017705DFA4 /* Pods_Meeraki.framework in Frameworks */,
			);
			runOnlyForDeploymentPostprocessing = 0;
		};
/* End PBXFrameworksBuildPhase section */

/* Begin PBXGroup section */
		5E61C9C6263DB56CA8EA5C79 /* Pods */ = {
			isa = PBXGroup;
			children = (
				50F0609D75279E236D37FF6E /* Pods-Meeraki.debug.xcconfig */,
				32C1AE86CD097B70AFC813DA /* Pods-Meeraki.release.xcconfig */,
			);
			name = Pods;
			sourceTree = "<group>";
		};
		9FD2F391C13914E92FA761AF /* Frameworks */ = {
			isa = PBXGroup;
			children = (
				CF5A876F7A829563C0E4330F /* Pods_Meeraki.framework */,
			);
			name = Frameworks;
			sourceTree = "<group>";
		};
		A95F8C752078DD2C0087E4EF /* Controller */ = {
			isa = PBXGroup;
			children = (
				A95F8C842078DD2C0087E4EF /* Login */,
				A95F8C782078DD2C0087E4EF /* Registration */,
				A95F8C762078DD2C0087E4EF /* Home */,
				A95F8C7D2078DD2C0087E4EF /* Product Info */,
				A95F8C822078DD2C0087E4EF /* Add Product */,
				A95F8C802078DD2C0087E4EF /* Web View */,
			);
			path = Controller;
			sourceTree = "<group>";
		};
		A95F8C762078DD2C0087E4EF /* Home */ = {
			isa = PBXGroup;
			children = (
				A95F8C772078DD2C0087E4EF /* HomeViewController.swift */,
			);
			path = Home;
			sourceTree = "<group>";
		};
		A95F8C782078DD2C0087E4EF /* Registration */ = {
			isa = PBXGroup;
			children = (
				A95F8C792078DD2C0087E4EF /* ViewController.swift */,
				A95F8C7A2078DD2C0087E4EF /* OTPViewController.swift */,
				A95F8C7B2078DD2C0087E4EF /* LetsBeginViewController.swift */,
				A95F8C7C2078DD2C0087E4EF /* RegistrationViewController.swift */,
			);
			path = Registration;
			sourceTree = "<group>";
		};
		A95F8C7D2078DD2C0087E4EF /* Product Info */ = {
			isa = PBXGroup;
			children = (
				A95F8C7E2078DD2C0087E4EF /* ProductInfoViewController.swift */,
				A95F8C7F2078DD2C0087E4EF /* GoogleMapViewController.swift */,
			);
			path = "Product Info";
			sourceTree = "<group>";
		};
		A95F8C802078DD2C0087E4EF /* Web View */ = {
			isa = PBXGroup;
			children = (
				A95F8C812078DD2C0087E4EF /* WebViewController.swift */,
			);
			path = "Web View";
			sourceTree = "<group>";
		};
		A95F8C822078DD2C0087E4EF /* Add Product */ = {
			isa = PBXGroup;
			children = (
				A95F8C832078DD2C0087E4EF /* AddProductViewController.swift */,
			);
			path = "Add Product";
			sourceTree = "<group>";
		};
		A95F8C842078DD2C0087E4EF /* Login */ = {
			isa = PBXGroup;
			children = (
				A95F8C852078DD2C0087E4EF /* LoginViewController.swift */,
			);
			path = Login;
			sourceTree = "<group>";
		};
		A95F8C902078DED90087E4EF /* View */ = {
			isa = PBXGroup;
			children = (
				A95F8C962078DED90087E4EF /* Marker */,
				A95F8CC22078DFD60087E4EF /* IBDesignable Classes */,
			);
			path = View;
			sourceTree = "<group>";
		};
		A95F8C962078DED90087E4EF /* Marker */ = {
			isa = PBXGroup;
			children = (
				A95F8C972078DED90087E4EF /* MarkerTracker.swift */,
				A95F8C982078DED90087E4EF /* MarkerTracker.xib */,
			);
			path = Marker;
			sourceTree = "<group>";
		};
		A95F8CA12078DF230087E4EF /* Model */ = {
			isa = PBXGroup;
			children = (
			);
			path = Model;
			sourceTree = "<group>";
		};
		A95F8CA22078DF3A0087E4EF /* Helper */ = {
			isa = PBXGroup;
			children = (
				A95F8CA32078DF3A0087E4EF /* Pinterest Collection View */,
				A95F8CA92078DF3A0087E4EF /* Custom */,
			);
			path = Helper;
			sourceTree = "<group>";
		};
		A95F8CA32078DF3A0087E4EF /* Pinterest Collection View */ = {
			isa = PBXGroup;
			children = (
				A95F8CA42078DF3A0087E4EF /* PinterestLayout.swift */,
				A95F8CA52078DF3A0087E4EF /* AnnotatedPhotoCell.swift */,
				A95F8CA62078DF3A0087E4EF /* Photo.swift */,
				A95F8CA72078DF3A0087E4EF /* Photos.plist */,
				A95F8CA82078DF3A0087E4EF /* UIImage+Decompression.swift */,
			);
			path = "Pinterest Collection View";
			sourceTree = "<group>";
		};
		A95F8CA92078DF3A0087E4EF /* Custom */ = {
			isa = PBXGroup;
			children = (
				A95F8CAA2078DF3A0087E4EF /* Singleton.swift */,
				A95F8CAB2078DF3A0087E4EF /* GlobalVariables.swift */,
			);
			path = Custom;
			sourceTree = "<group>";
		};
		A95F8CB32078DF580087E4EF /* Resources */ = {
			isa = PBXGroup;
			children = (
				A95F8CB42078DF580087E4EF /* Image */,
				A95F8CB72078DF580087E4EF /* Font */,
			);
			path = Resources;
			sourceTree = "<group>";
		};
		A95F8CB42078DF580087E4EF /* Image */ = {
			isa = PBXGroup;
			children = (
				A95F8CB52078DF580087E4EF /* Assets.xcassets */,
				A95F8CB62078DF580087E4EF /* Photos.xcassets */,
			);
			path = Image;
			sourceTree = "<group>";
		};
		A95F8CB72078DF580087E4EF /* Font */ = {
			isa = PBXGroup;
			children = (
				A95F8CB82078DF580087E4EF /* ClanPro-Book.otf */,
				A95F8CB92078DF580087E4EF /* ClanPro-Bold.otf */,
				A95F8CBA2078DF580087E4EF /* ClanPro-News.otf */,
				A95F8CBB2078DF580087E4EF /* ClanPro-Thin.ttf */,
			);
			path = Font;
			sourceTree = "<group>";
		};
		A95F8CC22078DFD60087E4EF /* IBDesignable Classes */ = {
			isa = PBXGroup;
			children = (
				A95F8CC92078E0AC0087E4EF /* GradientView.swift */,
				A95F8CCA2078E0AC0087E4EF /* RoundedCornersView.swift */,
				A95F8CC32078DFD60087E4EF /* HoshiTextField.swift */,
				A95F8CC42078DFD60087E4EF /* TextFieldEffects.swift */,
				A95F8CC52078DFD60087E4EF /* RoundButton.swift */,
			);
			path = "IBDesignable Classes";
			sourceTree = "<group>";
		};
		AECD6EA3206A1F0E00EFC1A3 = {
			isa = PBXGroup;
			children = (
				AECD6EAE206A1F0F00EFC1A3 /* Meeraki */,
				AECD6EAD206A1F0F00EFC1A3 /* Products */,
				5E61C9C6263DB56CA8EA5C79 /* Pods */,
				9FD2F391C13914E92FA761AF /* Frameworks */,
			);
			sourceTree = "<group>";
		};
		AECD6EAD206A1F0F00EFC1A3 /* Products */ = {
			isa = PBXGroup;
			children = (
				AECD6EAC206A1F0F00EFC1A3 /* Meeraki.app */,
			);
			name = Products;
			sourceTree = "<group>";
		};
		AECD6EAE206A1F0F00EFC1A3 /* Meeraki */ = {
			isa = PBXGroup;
			children = (
				AECD6EAF206A1F0F00EFC1A3 /* AppDelegate.swift */,
				AECD6EBB206A1F0F00EFC1A3 /* Info.plist */,
				AECD6EB3206A1F0F00EFC1A3 /* Main.storyboard */,
				AECD6EB8206A1F0F00EFC1A3 /* LaunchScreen.storyboard */,
				A95F8CA12078DF230087E4EF /* Model */,
				A95F8C902078DED90087E4EF /* View */,
				A95F8C752078DD2C0087E4EF /* Controller */,
				A95F8CA22078DF3A0087E4EF /* Helper */,
				A95F8CB32078DF580087E4EF /* Resources */,
			);
			path = Meeraki;
			sourceTree = "<group>";
		};
/* End PBXGroup section */

/* Begin PBXNativeTarget section */
		AECD6EAB206A1F0F00EFC1A3 /* Meeraki */ = {
			isa = PBXNativeTarget;
			buildConfigurationList = AECD6EBE206A1F0F00EFC1A3 /* Build configuration list for PBXNativeTarget "Meeraki" */;
			buildPhases = (
				9FE46DE114244906EE201691 /* [CP] Check Pods Manifest.lock */,
				AECD6EA8206A1F0F00EFC1A3 /* Sources */,
				AECD6EA9206A1F0F00EFC1A3 /* Frameworks */,
				AECD6EAA206A1F0F00EFC1A3 /* Resources */,
				A1630450319C021971788DD4 /* [CP] Embed Pods Frameworks */,
				D903261B03861FE7BC5EC485 /* [CP] Copy Pods Resources */,
			);
			buildRules = (
			);
			dependencies = (
			);
			name = Meeraki;
			productName = Meeraki;
			productReference = AECD6EAC206A1F0F00EFC1A3 /* Meeraki.app */;
			productType = "com.apple.product-type.application";
		};
/* End PBXNativeTarget section */

/* Begin PBXProject section */
		AECD6EA4206A1F0F00EFC1A3 /* Project object */ = {
			isa = PBXProject;
			attributes = {
				LastSwiftUpdateCheck = 0920;
				LastUpgradeCheck = 0920;
				ORGANIZATIONNAME = iDev;
				TargetAttributes = {
					AECD6EAB206A1F0F00EFC1A3 = {
						CreatedOnToolsVersion = 9.2;
						ProvisioningStyle = Automatic;
						SystemCapabilities = {
							com.apple.BackgroundModes = {
								enabled = 1;
							};
						};
					};
				};
			};
			buildConfigurationList = AECD6EA7206A1F0F00EFC1A3 /* Build configuration list for PBXProject "Meeraki" */;
			compatibilityVersion = "Xcode 8.0";
			developmentRegion = en;
			hasScannedForEncodings = 0;
			knownRegions = (
				en,
				Base,
			);
			mainGroup = AECD6EA3206A1F0E00EFC1A3;
			productRefGroup = AECD6EAD206A1F0F00EFC1A3 /* Products */;
			projectDirPath = "";
			projectRoot = "";
			targets = (
				AECD6EAB206A1F0F00EFC1A3 /* Meeraki */,
			);
		};
/* End PBXProject section */

/* Begin PBXResourcesBuildPhase section */
		AECD6EAA206A1F0F00EFC1A3 /* Resources */ = {
			isa = PBXResourcesBuildPhase;
			buildActionMask = 2147483647;
			files = (
				A95F8CC02078DF580087E4EF /* ClanPro-News.otf in Resources */,
				A95F8CBF2078DF580087E4EF /* ClanPro-Bold.otf in Resources */,
				AECD6EBA206A1F0F00EFC1A3 /* LaunchScreen.storyboard in Resources */,
				A95F8CBE2078DF580087E4EF /* ClanPro-Book.otf in Resources */,
				A95F8C9F2078DED90087E4EF /* MarkerTracker.xib in Resources */,
				A95F8CAF2078DF3A0087E4EF /* Photos.plist in Resources */,
				A95F8CC12078DF580087E4EF /* ClanPro-Thin.ttf in Resources */,
				AECD6EB5206A1F0F00EFC1A3 /* Main.storyboard in Resources */,
				A95F8CBD2078DF580087E4EF /* Photos.xcassets in Resources */,
				A95F8CBC2078DF580087E4EF /* Assets.xcassets in Resources */,
			);
			runOnlyForDeploymentPostprocessing = 0;
		};
/* End PBXResourcesBuildPhase section */

/* Begin PBXShellScriptBuildPhase section */
		9FE46DE114244906EE201691 /* [CP] Check Pods Manifest.lock */ = {
			isa = PBXShellScriptBuildPhase;
			buildActionMask = 2147483647;
			files = (
			);
			inputPaths = (
				"${PODS_PODFILE_DIR_PATH}/Podfile.lock",
				"${PODS_ROOT}/Manifest.lock",
			);
			name = "[CP] Check Pods Manifest.lock";
			outputPaths = (
				"$(DERIVED_FILE_DIR)/Pods-Meeraki-checkManifestLockResult.txt",
			);
			runOnlyForDeploymentPostprocessing = 0;
			shellPath = /bin/sh;
			shellScript = "diff \"${PODS_PODFILE_DIR_PATH}/Podfile.lock\" \"${PODS_ROOT}/Manifest.lock\" > /dev/null\nif [ $? != 0 ] ; then\n    # print error to STDERR\n    echo \"error: The sandbox is not in sync with the Podfile.lock. Run 'pod install' or update your CocoaPods installation.\" >&2\n    exit 1\nfi\n# This output is used by Xcode 'outputs' to avoid re-running this script phase.\necho \"SUCCESS\" > \"${SCRIPT_OUTPUT_FILE_0}\"\n";
			showEnvVarsInLog = 0;
		};
		A1630450319C021971788DD4 /* [CP] Embed Pods Frameworks */ = {
			isa = PBXShellScriptBuildPhase;
			buildActionMask = 2147483647;
			files = (
			);
			inputPaths = (
				"${SRCROOT}/Pods/Target Support Files/Pods-Meeraki/Pods-Meeraki-frameworks.sh",
				"${BUILT_PRODUCTS_DIR}/Alamofire/Alamofire.framework",
				"${BUILT_PRODUCTS_DIR}/CountryPickerSwift/CountryPicker.framework",
				"${BUILT_PRODUCTS_DIR}/Dropdowns/Dropdowns.framework",
				"${BUILT_PRODUCTS_DIR}/IQKeyboardManagerSwift/IQKeyboardManagerSwift.framework",
			);
			name = "[CP] Embed Pods Frameworks";
			outputPaths = (
				"${TARGET_BUILD_DIR}/${FRAMEWORKS_FOLDER_PATH}/Alamofire.framework",
				"${TARGET_BUILD_DIR}/${FRAMEWORKS_FOLDER_PATH}/CountryPicker.framework",
				"${TARGET_BUILD_DIR}/${FRAMEWORKS_FOLDER_PATH}/Dropdowns.framework",
				"${TARGET_BUILD_DIR}/${FRAMEWORKS_FOLDER_PATH}/IQKeyboardManagerSwift.framework",
			);
			runOnlyForDeploymentPostprocessing = 0;
			shellPath = /bin/sh;
			shellScript = "\"${SRCROOT}/Pods/Target Support Files/Pods-Meeraki/Pods-Meeraki-frameworks.sh\"\n";
			showEnvVarsInLog = 0;
		};
		D903261B03861FE7BC5EC485 /* [CP] Copy Pods Resources */ = {
			isa = PBXShellScriptBuildPhase;
			buildActionMask = 2147483647;
			files = (
			);
			inputPaths = (
				"${SRCROOT}/Pods/Target Support Files/Pods-Meeraki/Pods-Meeraki-resources.sh",
				"${PODS_ROOT}/GoogleMaps/Maps/Frameworks/GoogleMaps.framework/Resources/GoogleMaps.bundle",
				"${PODS_ROOT}/GooglePlacePicker/Frameworks/GooglePlacePicker.framework/Resources/GooglePlacePicker.bundle",
				"${PODS_ROOT}/GooglePlaces/Frameworks/GooglePlaces.framework/Resources/GooglePlaces.bundle",
			);
			name = "[CP] Copy Pods Resources";
			outputPaths = (
				"${TARGET_BUILD_DIR}/${UNLOCALIZED_RESOURCES_FOLDER_PATH}",
			);
			runOnlyForDeploymentPostprocessing = 0;
			shellPath = /bin/sh;
			shellScript = "\"${SRCROOT}/Pods/Target Support Files/Pods-Meeraki/Pods-Meeraki-resources.sh\"\n";
			showEnvVarsInLog = 0;
		};
/* End PBXShellScriptBuildPhase section */

/* Begin PBXSourcesBuildPhase section */
		AECD6EA8206A1F0F00EFC1A3 /* Sources */ = {
			isa = PBXSourcesBuildPhase;
			buildActionMask = 2147483647;
			files = (
				A95F8CAC2078DF3A0087E4EF /* PinterestLayout.swift in Sources */,
				A95F8C8B2078DD2C0087E4EF /* ProductInfoViewController.swift in Sources */,
				A95F8CCB2078E0AC0087E4EF /* GradientView.swift in Sources */,
				A95F8CB22078DF3A0087E4EF /* GlobalVariables.swift in Sources */,
				A95F8C872078DD2C0087E4EF /* ViewController.swift in Sources */,
				A95F8C8E2078DD2C0087E4EF /* AddProductViewController.swift in Sources */,
				A95F8C892078DD2C0087E4EF /* LetsBeginViewController.swift in Sources */,
				A95F8C882078DD2C0087E4EF /* OTPViewController.swift in Sources */,
				A95F8CAD2078DF3A0087E4EF /* AnnotatedPhotoCell.swift in Sources */,
				A95F8C862078DD2C0087E4EF /* HomeViewController.swift in Sources */,
				A95F8CB12078DF3A0087E4EF /* Singleton.swift in Sources */,
				A95F8CAE2078DF3A0087E4EF /* Photo.swift in Sources */,
				A95F8CCC2078E0AC0087E4EF /* RoundedCornersView.swift in Sources */,
				A95F8CB02078DF3A0087E4EF /* UIImage+Decompression.swift in Sources */,
				A95F8C8A2078DD2C0087E4EF /* RegistrationViewController.swift in Sources */,
				A95F8CC72078DFD60087E4EF /* TextFieldEffects.swift in Sources */,
				A95F8C8F2078DD2C0087E4EF /* LoginViewController.swift in Sources */,
				A95F8CC62078DFD60087E4EF /* HoshiTextField.swift in Sources */,
				A95F8CC82078DFD60087E4EF /* RoundButton.swift in Sources */,
				A95F8C8C2078DD2C0087E4EF /* GoogleMapViewController.swift in Sources */,
				AECD6EB0206A1F0F00EFC1A3 /* AppDelegate.swift in Sources */,
				A95F8C9E2078DED90087E4EF /* MarkerTracker.swift in Sources */,
				A95F8C8D2078DD2C0087E4EF /* WebViewController.swift in Sources */,
			);
			runOnlyForDeploymentPostprocessing = 0;
		};
/* End PBXSourcesBuildPhase section */

/* Begin PBXVariantGroup section */
		AECD6EB3206A1F0F00EFC1A3 /* Main.storyboard */ = {
			isa = PBXVariantGroup;
			children = (
				AECD6EB4206A1F0F00EFC1A3 /* Base */,
			);
			name = Main.storyboard;
			sourceTree = "<group>";
		};
		AECD6EB8206A1F0F00EFC1A3 /* LaunchScreen.storyboard */ = {
			isa = PBXVariantGroup;
			children = (
				AECD6EB9206A1F0F00EFC1A3 /* Base */,
			);
			name = LaunchScreen.storyboard;
			sourceTree = "<group>";
		};
/* End PBXVariantGroup section */

/* Begin XCBuildConfiguration section */
		AECD6EBC206A1F0F00EFC1A3 /* Debug */ = {
			isa = XCBuildConfiguration;
			buildSettings = {
				ALWAYS_SEARCH_USER_PATHS = NO;
				CLANG_ANALYZER_NONNULL = YES;
				CLANG_ANALYZER_NUMBER_OBJECT_CONVERSION = YES_AGGRESSIVE;
				CLANG_CXX_LANGUAGE_STANDARD = "gnu++14";
				CLANG_CXX_LIBRARY = "libc++";
				CLANG_ENABLE_MODULES = YES;
				CLANG_ENABLE_OBJC_ARC = YES;
				CLANG_WARN_BLOCK_CAPTURE_AUTORELEASING = YES;
				CLANG_WARN_BOOL_CONVERSION = YES;
				CLANG_WARN_COMMA = YES;
				CLANG_WARN_CONSTANT_CONVERSION = YES;
				CLANG_WARN_DIRECT_OBJC_ISA_USAGE = YES_ERROR;
				CLANG_WARN_DOCUMENTATION_COMMENTS = YES;
				CLANG_WARN_EMPTY_BODY = YES;
				CLANG_WARN_ENUM_CONVERSION = YES;
				CLANG_WARN_INFINITE_RECURSION = YES;
				CLANG_WARN_INT_CONVERSION = YES;
				CLANG_WARN_NON_LITERAL_NULL_CONVERSION = YES;
				CLANG_WARN_OBJC_LITERAL_CONVERSION = YES;
				CLANG_WARN_OBJC_ROOT_CLASS = YES_ERROR;
				CLANG_WARN_RANGE_LOOP_ANALYSIS = YES;
				CLANG_WARN_STRICT_PROTOTYPES = YES;
				CLANG_WARN_SUSPICIOUS_MOVE = YES;
				CLANG_WARN_UNGUARDED_AVAILABILITY = YES_AGGRESSIVE;
				CLANG_WARN_UNREACHABLE_CODE = YES;
				CLANG_WARN__DUPLICATE_METHOD_MATCH = YES;
				CODE_SIGN_IDENTITY = "iPhone Developer";
				COPY_PHASE_STRIP = NO;
				DEBUG_INFORMATION_FORMAT = dwarf;
				ENABLE_STRICT_OBJC_MSGSEND = YES;
				ENABLE_TESTABILITY = YES;
				GCC_C_LANGUAGE_STANDARD = gnu11;
				GCC_DYNAMIC_NO_PIC = NO;
				GCC_NO_COMMON_BLOCKS = YES;
				GCC_OPTIMIZATION_LEVEL = 0;
				GCC_PREPROCESSOR_DEFINITIONS = (
					"DEBUG=1",
					"$(inherited)",
				);
				GCC_WARN_64_TO_32_BIT_CONVERSION = YES;
				GCC_WARN_ABOUT_RETURN_TYPE = YES_ERROR;
				GCC_WARN_UNDECLARED_SELECTOR = YES;
				GCC_WARN_UNINITIALIZED_AUTOS = YES_AGGRESSIVE;
				GCC_WARN_UNUSED_FUNCTION = YES;
				GCC_WARN_UNUSED_VARIABLE = YES;
				IPHONEOS_DEPLOYMENT_TARGET = 11.2;
				MTL_ENABLE_DEBUG_INFO = YES;
				ONLY_ACTIVE_ARCH = YES;
				SDKROOT = iphoneos;
				SWIFT_ACTIVE_COMPILATION_CONDITIONS = DEBUG;
				SWIFT_OPTIMIZATION_LEVEL = "-Onone";
			};
			name = Debug;
		};
		AECD6EBD206A1F0F00EFC1A3 /* Release */ = {
			isa = XCBuildConfiguration;
			buildSettings = {
				ALWAYS_SEARCH_USER_PATHS = NO;
				CLANG_ANALYZER_NONNULL = YES;
				CLANG_ANALYZER_NUMBER_OBJECT_CONVERSION = YES_AGGRESSIVE;
				CLANG_CXX_LANGUAGE_STANDARD = "gnu++14";
				CLANG_CXX_LIBRARY = "libc++";
				CLANG_ENABLE_MODULES = YES;
				CLANG_ENABLE_OBJC_ARC = YES;
				CLANG_WARN_BLOCK_CAPTURE_AUTORELEASING = YES;
				CLANG_WARN_BOOL_CONVERSION = YES;
				CLANG_WARN_COMMA = YES;
				CLANG_WARN_CONSTANT_CONVERSION = YES;
				CLANG_WARN_DIRECT_OBJC_ISA_USAGE = YES_ERROR;
				CLANG_WARN_DOCUMENTATION_COMMENTS = YES;
				CLANG_WARN_EMPTY_BODY = YES;
				CLANG_WARN_ENUM_CONVERSION = YES;
				CLANG_WARN_INFINITE_RECURSION = YES;
				CLANG_WARN_INT_CONVERSION = YES;
				CLANG_WARN_NON_LITERAL_NULL_CONVERSION = YES;
				CLANG_WARN_OBJC_LITERAL_CONVERSION = YES;
				CLANG_WARN_OBJC_ROOT_CLASS = YES_ERROR;
				CLANG_WARN_RANGE_LOOP_ANALYSIS = YES;
				CLANG_WARN_STRICT_PROTOTYPES = YES;
				CLANG_WARN_SUSPICIOUS_MOVE = YES;
				CLANG_WARN_UNGUARDED_AVAILABILITY = YES_AGGRESSIVE;
				CLANG_WARN_UNREACHABLE_CODE = YES;
				CLANG_WARN__DUPLICATE_METHOD_MATCH = YES;
				CODE_SIGN_IDENTITY = "iPhone Developer";
				COPY_PHASE_STRIP = NO;
				DEBUG_INFORMATION_FORMAT = "dwarf-with-dsym";
				ENABLE_NS_ASSERTIONS = NO;
				ENABLE_STRICT_OBJC_MSGSEND = YES;
				GCC_C_LANGUAGE_STANDARD = gnu11;
				GCC_NO_COMMON_BLOCKS = YES;
				GCC_WARN_64_TO_32_BIT_CONVERSION = YES;
				GCC_WARN_ABOUT_RETURN_TYPE = YES_ERROR;
				GCC_WARN_UNDECLARED_SELECTOR = YES;
				GCC_WARN_UNINITIALIZED_AUTOS = YES_AGGRESSIVE;
				GCC_WARN_UNUSED_FUNCTION = YES;
				GCC_WARN_UNUSED_VARIABLE = YES;
				IPHONEOS_DEPLOYMENT_TARGET = 11.2;
				MTL_ENABLE_DEBUG_INFO = NO;
				SDKROOT = iphoneos;
				SWIFT_OPTIMIZATION_LEVEL = "-Owholemodule";
				VALIDATE_PRODUCT = YES;
			};
			name = Release;
		};
		AECD6EBF206A1F0F00EFC1A3 /* Debug */ = {
			isa = XCBuildConfiguration;
			baseConfigurationReference = 50F0609D75279E236D37FF6E /* Pods-Meeraki.debug.xcconfig */;
			buildSettings = {
				ASSETCATALOG_COMPILER_APPICON_NAME = AppIcon;
				CODE_SIGN_STYLE = Automatic;
				DEVELOPMENT_TEAM = "";
				INFOPLIST_FILE = Meeraki/Info.plist;
				IPHONEOS_DEPLOYMENT_TARGET = 10.0;
				LD_RUNPATH_SEARCH_PATHS = "$(inherited) @executable_path/Frameworks";
				PRODUCT_BUNDLE_IDENTIFIER = com.Meraki.card;
				PRODUCT_NAME = "$(TARGET_NAME)";
				SWIFT_VERSION = 4.0;
				TARGETED_DEVICE_FAMILY = "1,2";
			};
			name = Debug;
		};
		AECD6EC0206A1F0F00EFC1A3 /* Release */ = {
			isa = XCBuildConfiguration;
			baseConfigurationReference = 32C1AE86CD097B70AFC813DA /* Pods-Meeraki.release.xcconfig */;
			buildSettings = {
				ASSETCATALOG_COMPILER_APPICON_NAME = AppIcon;
				CODE_SIGN_STYLE = Automatic;
				DEVELOPMENT_TEAM = "";
				INFOPLIST_FILE = Meeraki/Info.plist;
				IPHONEOS_DEPLOYMENT_TARGET = 10.0;
				LD_RUNPATH_SEARCH_PATHS = "$(inherited) @executable_path/Frameworks";
				PRODUCT_BUNDLE_IDENTIFIER = com.Meraki.card;
				PRODUCT_NAME = "$(TARGET_NAME)";
				SWIFT_VERSION = 4.0;
				TARGETED_DEVICE_FAMILY = "1,2";
			};
			name = Release;
		};
/* End XCBuildConfiguration section */

/* Begin XCConfigurationList section */
		AECD6EA7206A1F0F00EFC1A3 /* Build configuration list for PBXProject "Meeraki" */ = {
			isa = XCConfigurationList;
			buildConfigurations = (
				AECD6EBC206A1F0F00EFC1A3 /* Debug */,
				AECD6EBD206A1F0F00EFC1A3 /* Release */,
			);
			defaultConfigurationIsVisible = 0;
			defaultConfigurationName = Release;
		};
		AECD6EBE206A1F0F00EFC1A3 /* Build configuration list for PBXNativeTarget "Meeraki" */ = {
			isa = XCConfigurationList;
			buildConfigurations = (
				AECD6EBF206A1F0F00EFC1A3 /* Debug */,
				AECD6EC0206A1F0F00EFC1A3 /* Release */,
			);
			defaultConfigurationIsVisible = 0;
			defaultConfigurationName = Release;
		};
/* End XCConfigurationList section */
	};
	rootObject = AECD6EA4206A1F0F00EFC1A3 /* Project object */;
}
